{
  "version": 4,
  "terraform_version": "0.14.5",
  "serial": 62,
  "lineage": "56452c10-fd04-5b35-ae93-0c1b060042bf",
  "outputs": {},
  "resources": [
    {
      "mode": "data",
      "type": "aws_ami",
      "name": "amazon-ami",
      "provider": "provider[\"registry.terraform.io/hashicorp/aws\"]",
      "instances": [
        {
          "schema_version": 0,
          "attributes": {
            "architecture": "x86_64",
            "arn": "arn:aws:ec2:us-east-1::image/ami-047a51fa27710816e",
            "block_device_mappings": [
              {
                "device_name": "/dev/xvda",
                "ebs": {
                  "delete_on_termination": "true",
                  "encrypted": "false",
                  "iops": "0",
                  "snapshot_id": "snap-0a03896cf2695e901",
                  "throughput": "0",
                  "volume_size": "8",
                  "volume_type": "gp2"
                },
                "no_device": "",
                "virtual_name": ""
              }
            ],
            "creation_date": "2021-01-26T07:39:02.000Z",
            "description": "Amazon Linux 2 AMI 2.0.20210126.0 x86_64 HVM gp2",
            "executable_users": null,
            "filter": [
              {
                "name": "name",
                "values": [
                  "amzn2-ami-hvm-2*"
                ]
              },
              {
                "name": "virtualization-type",
                "values": [
                  "hvm"
                ]
              }
            ],
            "hypervisor": "xen",
            "id": "ami-047a51fa27710816e",
            "image_id": "ami-047a51fa27710816e",
            "image_location": "amazon/amzn2-ami-hvm-2.0.20210126.0-x86_64-gp2",
            "image_owner_alias": "amazon",
            "image_type": "machine",
            "kernel_id": null,
            "most_recent": true,
            "name": "amzn2-ami-hvm-2.0.20210126.0-x86_64-gp2",
            "name_regex": null,
            "owner_id": "137112412989",
            "owners": [
              "amazon"
            ],
            "platform": null,
            "product_codes": [],
            "public": true,
            "ramdisk_id": null,
            "root_device_name": "/dev/xvda",
            "root_device_type": "ebs",
            "root_snapshot_id": "snap-0a03896cf2695e901",
            "sriov_net_support": "simple",
            "state": "available",
            "state_reason": {
              "code": "UNSET",
              "message": "UNSET"
            },
            "tags": {},
            "virtualization_type": "hvm"
          },
          "sensitive_attributes": []
        }
      ]
    },
    {
      "mode": "managed",
      "type": "aws_alb",
      "name": "sangchul-alb-web1",
      "provider": "provider[\"registry.terraform.io/hashicorp/aws\"]",
      "instances": [
        {
          "schema_version": 0,
          "attributes": {
            "access_logs": [
              {
                "bucket": "",
                "enabled": false,
                "prefix": ""
              }
            ],
            "arn": "arn:aws:elasticloadbalancing:us-east-1:099678655650:loadbalancer/app/sangchul-alb-web1/310d5866fdf49bd1",
            "arn_suffix": "app/sangchul-alb-web1/310d5866fdf49bd1",
            "customer_owned_ipv4_pool": "",
            "dns_name": "sangchul-alb-web1-1750577375.us-east-1.elb.amazonaws.com",
            "drop_invalid_header_fields": false,
            "enable_cross_zone_load_balancing": null,
            "enable_deletion_protection": true,
            "enable_http2": true,
            "id": "arn:aws:elasticloadbalancing:us-east-1:099678655650:loadbalancer/app/sangchul-alb-web1/310d5866fdf49bd1",
            "idle_timeout": 60,
            "internal": false,
            "ip_address_type": "ipv4",
            "load_balancer_type": "application",
            "name": "sangchul-alb-web1",
            "name_prefix": null,
            "security_groups": [
              "sg-0b0acf4e1444c1658"
            ],
            "subnet_mapping": [
              {
                "allocation_id": "",
                "outpost_id": "",
                "private_ipv4_address": "",
                "subnet_id": "subnet-053149d01573202c5"
              },
              {
                "allocation_id": "",
                "outpost_id": "",
                "private_ipv4_address": "",
                "subnet_id": "subnet-06709a51cf89ff0bf"
              }
            ],
            "subnets": [
              "subnet-053149d01573202c5",
              "subnet-06709a51cf89ff0bf"
            ],
            "tags": {
              "Name": "sangchul-alb-web1"
            },
            "timeouts": null,
            "vpc_id": "vpc-0293e2c996bcf0886",
            "zone_id": "Z35SXDOTRQ7X7K"
          },
          "sensitive_attributes": [],
          "private": "eyJlMmJmYjczMC1lY2FhLTExZTYtOGY4OC0zNDM2M2JjN2M0YzAiOnsiY3JlYXRlIjo2MDAwMDAwMDAwMDAsImRlbGV0ZSI6NjAwMDAwMDAwMDAwLCJ1cGRhdGUiOjYwMDAwMDAwMDAwMH19",
          "dependencies": [
            "aws_security_group.sangchul_vpc11-alb-web1",
            "aws_subnet.sangchul_vpc11-sb3",
            "aws_subnet.sangchul_vpc11-sb4",
            "aws_vpc.sangchul_vpc11"
          ],
          "create_before_destroy": true
        }
      ]
    },
    {
      "mode": "managed",
      "type": "aws_alb_listener",
      "name": "alb_listener_80",
      "provider": "provider[\"registry.terraform.io/hashicorp/aws\"]",
      "instances": [
        {
          "schema_version": 0,
          "attributes": {
            "arn": "arn:aws:elasticloadbalancing:us-east-1:099678655650:listener/app/sangchul-alb-web1/310d5866fdf49bd1/413a017e08c0204c",
            "certificate_arn": null,
            "default_action": [
              {
                "authenticate_cognito": [],
                "authenticate_oidc": [],
                "fixed_response": [],
                "forward": [],
                "order": 1,
                "redirect": [
                  {
                    "host": "#{host}",
                    "path": "/#{path}",
                    "port": "443",
                    "protocol": "HTTPS",
                    "query": "#{query}",
                    "status_code": "HTTP_301"
                  }
                ],
                "target_group_arn": "",
                "type": "redirect"
              }
            ],
            "id": "arn:aws:elasticloadbalancing:us-east-1:099678655650:listener/app/sangchul-alb-web1/310d5866fdf49bd1/413a017e08c0204c",
            "load_balancer_arn": "arn:aws:elasticloadbalancing:us-east-1:099678655650:loadbalancer/app/sangchul-alb-web1/310d5866fdf49bd1",
            "port": 80,
            "protocol": "HTTP",
            "ssl_policy": "",
            "timeouts": null
          },
          "sensitive_attributes": [],
          "private": "eyJlMmJmYjczMC1lY2FhLTExZTYtOGY4OC0zNDM2M2JjN2M0YzAiOnsicmVhZCI6NjAwMDAwMDAwMDAwfX0=",
          "dependencies": [
            "aws_alb.sangchul-alb-web1",
            "aws_security_group.sangchul_vpc11-alb-web1",
            "aws_subnet.sangchul_vpc11-sb3",
            "aws_subnet.sangchul_vpc11-sb4",
            "aws_vpc.sangchul_vpc11"
          ]
        }
      ]
    },
    {
      "mode": "managed",
      "type": "aws_alb_target_group",
      "name": "sangchul-alb-tg-web1",
      "provider": "provider[\"registry.terraform.io/hashicorp/aws\"]",
      "instances": [
        {
          "schema_version": 0,
          "attributes": {
            "arn": "arn:aws:elasticloadbalancing:us-east-1:099678655650:targetgroup/sangchul-alb-tg-web1/d09bb246471e5751",
            "arn_suffix": "targetgroup/sangchul-alb-tg-web1/d09bb246471e5751",
            "deregistration_delay": 300,
            "health_check": [
              {
                "enabled": true,
                "healthy_threshold": 3,
                "interval": 30,
                "matcher": "200",
                "path": "/",
                "port": "traffic-port",
                "protocol": "HTTP",
                "timeout": 3,
                "unhealthy_threshold": 2
              }
            ],
            "id": "arn:aws:elasticloadbalancing:us-east-1:099678655650:targetgroup/sangchul-alb-tg-web1/d09bb246471e5751",
            "lambda_multi_value_headers_enabled": false,
            "load_balancing_algorithm_type": "round_robin",
            "name": "sangchul-alb-tg-web1",
            "name_prefix": null,
            "port": 80,
            "protocol": "HTTP",
            "proxy_protocol_v2": false,
            "slow_start": 0,
            "stickiness": [
              {
                "cookie_duration": 86400,
                "enabled": false,
                "type": "lb_cookie"
              }
            ],
            "tags": {
              "CreateUser": "terraform@email.com",
              "Env": "stg",
              "Name": "sangchul-alb-tg-web1",
              "Owner": "iac",
              "Role": "alb",
              "Service": "network"
            },
            "target_type": "instance",
            "vpc_id": "vpc-0293e2c996bcf0886"
          },
          "sensitive_attributes": [],
          "private": "bnVsbA==",
          "dependencies": [
            "aws_vpc.sangchul_vpc11"
          ]
        }
      ]
    },
    {
      "mode": "managed",
      "type": "aws_default_route_table",
      "name": "sangchul_vpc11-rt",
      "provider": "provider[\"registry.terraform.io/hashicorp/aws\"]",
      "instances": [
        {
          "schema_version": 0,
          "attributes": {
            "default_route_table_id": "rtb-0fa87e4a4d317a2e3",
            "id": "rtb-0fa87e4a4d317a2e3",
            "owner_id": "099678655650",
            "propagating_vgws": [],
            "route": [
              {
                "cidr_block": "0.0.0.0/0",
                "egress_only_gateway_id": "",
                "gateway_id": "igw-01e9a82b30db10822",
                "instance_id": "",
                "ipv6_cidr_block": "",
                "nat_gateway_id": "",
                "network_interface_id": "",
                "transit_gateway_id": "",
                "vpc_endpoint_id": "",
                "vpc_peering_connection_id": ""
              }
            ],
            "tags": {
              "CreateUser": "terraform@email.com",
              "Env": "stg",
              "Name": "sangchul_vpc11-rt",
              "Owner": "iac",
              "Role": "route",
              "Service": "network"
            },
            "vpc_id": "vpc-0293e2c996bcf0886"
          },
          "sensitive_attributes": [],
          "private": "bnVsbA==",
          "dependencies": [
            "aws_internet_gateway.sangchul_vpc11-igw",
            "aws_vpc.sangchul_vpc11"
          ]
        }
      ]
    },
    {
      "mode": "managed",
      "type": "aws_instance",
      "name": "sangchul_redis31",
      "provider": "provider[\"registry.terraform.io/hashicorp/aws\"]",
      "instances": [
        {
          "schema_version": 1,
          "attributes": {
            "ami": "ami-047a51fa27710816e",
            "arn": "arn:aws:ec2:us-east-1:099678655650:instance/i-0b7371b7eb9395922",
            "associate_public_ip_address": true,
            "availability_zone": "us-east-1a",
            "cpu_core_count": 1,
            "cpu_threads_per_core": 1,
            "credit_specification": [
              {
                "cpu_credits": "standard"
              }
            ],
            "disable_api_termination": false,
            "ebs_block_device": [],
            "ebs_optimized": false,
            "enclave_options": [
              {
                "enabled": false
              }
            ],
            "ephemeral_block_device": [],
            "get_password_data": false,
            "hibernation": false,
            "host_id": null,
            "iam_instance_profile": "",
            "id": "i-0b7371b7eb9395922",
            "instance_initiated_shutdown_behavior": null,
            "instance_state": "running",
            "instance_type": "t2.micro",
            "ipv6_address_count": 0,
            "ipv6_addresses": [],
            "key_name": "sangchul4wxyz",
            "metadata_options": [
              {
                "http_endpoint": "enabled",
                "http_put_response_hop_limit": 1,
                "http_tokens": "optional"
              }
            ],
            "monitoring": false,
            "network_interface": [],
            "outpost_arn": "",
            "password_data": "",
            "placement_group": "",
            "primary_network_interface_id": "eni-0a2425927a4c0354a",
            "private_dns": "ip-10-11-3-160.ec2.internal",
            "private_ip": "10.11.3.160",
            "public_dns": "ec2-54-167-84-207.compute-1.amazonaws.com",
            "public_ip": "54.167.84.207",
            "root_block_device": [
              {
                "delete_on_termination": true,
                "device_name": "/dev/xvda",
                "encrypted": false,
                "iops": 100,
                "kms_key_id": "",
                "tags": {},
                "throughput": 0,
                "volume_id": "vol-03d399c376719b5db",
                "volume_size": 8,
                "volume_type": "gp2"
              }
            ],
            "secondary_private_ips": [],
            "security_groups": [],
            "source_dest_check": true,
            "subnet_id": "subnet-06709a51cf89ff0bf",
            "tags": {
              "CreateUser": "terraform@email.com",
              "Env": "stg",
              "Name": "sangchul_redis31",
              "Owner": "iac",
              "Role": "redis",
              "Service": "ec2"
            },
            "tenancy": "default",
            "timeouts": null,
            "user_data": null,
            "user_data_base64": null,
            "volume_tags": null,
            "vpc_security_group_ids": [
              "sg-065276e8e5171e68a"
            ]
          },
          "sensitive_attributes": [],
          "private": "eyJlMmJmYjczMC1lY2FhLTExZTYtOGY4OC0zNDM2M2JjN2M0YzAiOnsiY3JlYXRlIjo2MDAwMDAwMDAwMDAsImRlbGV0ZSI6MTIwMDAwMDAwMDAwMCwidXBkYXRlIjo2MDAwMDAwMDAwMDB9LCJzY2hlbWFfdmVyc2lvbiI6IjEifQ==",
          "dependencies": [
            "aws_key_pair.sangchul_4wxyz",
            "aws_security_group.sangchul_vpc11-ec2-web1",
            "aws_subnet.sangchul_vpc11-sb3"
          ]
        }
      ]
    },
    {
      "mode": "managed",
      "type": "aws_instance",
      "name": "sangchul_web31",
      "provider": "provider[\"registry.terraform.io/hashicorp/aws\"]",
      "instances": [
        {
          "schema_version": 1,
          "attributes": {
            "ami": "ami-047a51fa27710816e",
            "arn": "arn:aws:ec2:us-east-1:099678655650:instance/i-00cafe846dedb385e",
            "associate_public_ip_address": true,
            "availability_zone": "us-east-1a",
            "cpu_core_count": 1,
            "cpu_threads_per_core": 1,
            "credit_specification": [
              {
                "cpu_credits": "standard"
              }
            ],
            "disable_api_termination": false,
            "ebs_block_device": [],
            "ebs_optimized": false,
            "enclave_options": [
              {
                "enabled": false
              }
            ],
            "ephemeral_block_device": [],
            "get_password_data": false,
            "hibernation": false,
            "host_id": null,
            "iam_instance_profile": "",
            "id": "i-00cafe846dedb385e",
            "instance_initiated_shutdown_behavior": null,
            "instance_state": "running",
            "instance_type": "t2.micro",
            "ipv6_address_count": 0,
            "ipv6_addresses": [],
            "key_name": "sangchul4wxyz",
            "metadata_options": [
              {
                "http_endpoint": "enabled",
                "http_put_response_hop_limit": 1,
                "http_tokens": "optional"
              }
            ],
            "monitoring": false,
            "network_interface": [],
            "outpost_arn": "",
            "password_data": "",
            "placement_group": "",
            "primary_network_interface_id": "eni-062fb322059359011",
            "private_dns": "ip-10-11-3-191.ec2.internal",
            "private_ip": "10.11.3.191",
            "public_dns": "ec2-54-91-207-239.compute-1.amazonaws.com",
            "public_ip": "54.91.207.239",
            "root_block_device": [
              {
                "delete_on_termination": true,
                "device_name": "/dev/xvda",
                "encrypted": false,
                "iops": 100,
                "kms_key_id": "",
                "tags": {},
                "throughput": 0,
                "volume_id": "vol-00069e9046f5fccfc",
                "volume_size": 8,
                "volume_type": "gp2"
              }
            ],
            "secondary_private_ips": [],
            "security_groups": [],
            "source_dest_check": true,
            "subnet_id": "subnet-06709a51cf89ff0bf",
            "tags": {
              "CreateUser": "terraform@email.com",
              "Env": "stg",
              "Name": "sangchul_web31",
              "Owner": "iac",
              "Role": "web",
              "Service": "ec2"
            },
            "tenancy": "default",
            "timeouts": null,
            "user_data": null,
            "user_data_base64": null,
            "volume_tags": null,
            "vpc_security_group_ids": [
              "sg-065276e8e5171e68a"
            ]
          },
          "sensitive_attributes": [],
          "private": "eyJlMmJmYjczMC1lY2FhLTExZTYtOGY4OC0zNDM2M2JjN2M0YzAiOnsiY3JlYXRlIjo2MDAwMDAwMDAwMDAsImRlbGV0ZSI6MTIwMDAwMDAwMDAwMCwidXBkYXRlIjo2MDAwMDAwMDAwMDB9LCJzY2hlbWFfdmVyc2lvbiI6IjEifQ==",
          "dependencies": [
            "aws_key_pair.sangchul_4wxyz",
            "aws_security_group.sangchul_vpc11-ec2-web1",
            "aws_subnet.sangchul_vpc11-sb3"
          ]
        }
      ]
    },
    {
      "mode": "managed",
      "type": "aws_instance",
      "name": "sangchul_web41",
      "provider": "provider[\"registry.terraform.io/hashicorp/aws\"]",
      "instances": [
        {
          "schema_version": 1,
          "attributes": {
            "ami": "ami-047a51fa27710816e",
            "arn": "arn:aws:ec2:us-east-1:099678655650:instance/i-05d10bb6fc529f051",
            "associate_public_ip_address": true,
            "availability_zone": "us-east-1c",
            "cpu_core_count": 1,
            "cpu_threads_per_core": 1,
            "credit_specification": [
              {
                "cpu_credits": "standard"
              }
            ],
            "disable_api_termination": false,
            "ebs_block_device": [],
            "ebs_optimized": false,
            "enclave_options": [
              {
                "enabled": false
              }
            ],
            "ephemeral_block_device": [],
            "get_password_data": false,
            "hibernation": false,
            "host_id": null,
            "iam_instance_profile": "",
            "id": "i-05d10bb6fc529f051",
            "instance_initiated_shutdown_behavior": null,
            "instance_state": "running",
            "instance_type": "t2.micro",
            "ipv6_address_count": 0,
            "ipv6_addresses": [],
            "key_name": "sangchul4wxyz",
            "metadata_options": [
              {
                "http_endpoint": "enabled",
                "http_put_response_hop_limit": 1,
                "http_tokens": "optional"
              }
            ],
            "monitoring": false,
            "network_interface": [],
            "outpost_arn": "",
            "password_data": "",
            "placement_group": "",
            "primary_network_interface_id": "eni-0eb78271928d75f79",
            "private_dns": "ip-10-11-4-195.ec2.internal",
            "private_ip": "10.11.4.195",
            "public_dns": "ec2-3-239-238-101.compute-1.amazonaws.com",
            "public_ip": "3.239.238.101",
            "root_block_device": [
              {
                "delete_on_termination": true,
                "device_name": "/dev/xvda",
                "encrypted": false,
                "iops": 100,
                "kms_key_id": "",
                "tags": {},
                "throughput": 0,
                "volume_id": "vol-083b6c6b5c763e83a",
                "volume_size": 8,
                "volume_type": "gp2"
              }
            ],
            "secondary_private_ips": [],
            "security_groups": [],
            "source_dest_check": true,
            "subnet_id": "subnet-053149d01573202c5",
            "tags": {
              "CreateUser": "terraform@email.com",
              "Env": "stg",
              "Name": "sangchul_web41",
              "Owner": "iac",
              "Role": "web",
              "Service": "ec2"
            },
            "tenancy": "default",
            "timeouts": null,
            "user_data": null,
            "user_data_base64": null,
            "volume_tags": null,
            "vpc_security_group_ids": [
              "sg-065276e8e5171e68a"
            ]
          },
          "sensitive_attributes": [],
          "private": "eyJlMmJmYjczMC1lY2FhLTExZTYtOGY4OC0zNDM2M2JjN2M0YzAiOnsiY3JlYXRlIjo2MDAwMDAwMDAwMDAsImRlbGV0ZSI6MTIwMDAwMDAwMDAwMCwidXBkYXRlIjo2MDAwMDAwMDAwMDB9LCJzY2hlbWFfdmVyc2lvbiI6IjEifQ==",
          "dependencies": [
            "aws_key_pair.sangchul_4wxyz",
            "aws_security_group.sangchul_vpc11-ec2-web1",
            "aws_subnet.sangchul_vpc11-sb4"
          ]
        }
      ]
    },
    {
      "mode": "managed",
      "type": "aws_internet_gateway",
      "name": "sangchul_vpc11-igw",
      "provider": "provider[\"registry.terraform.io/hashicorp/aws\"]",
      "instances": [
        {
          "schema_version": 0,
          "attributes": {
            "arn": "arn:aws:ec2:us-east-1:099678655650:internet-gateway/igw-01e9a82b30db10822",
            "id": "igw-01e9a82b30db10822",
            "owner_id": "099678655650",
            "tags": {
              "CreateUser": "terraform@email.com",
              "Env": "stg",
              "Name": "sangchul_vpc11-igw",
              "Owner": "iac",
              "Role": "internet_gateway",
              "Service": "network"
            },
            "vpc_id": "vpc-0293e2c996bcf0886"
          },
          "sensitive_attributes": [],
          "private": "bnVsbA==",
          "dependencies": [
            "aws_vpc.sangchul_vpc11"
          ]
        }
      ]
    },
    {
      "mode": "managed",
      "type": "aws_key_pair",
      "name": "sangchul_4wxyz",
      "provider": "provider[\"registry.terraform.io/hashicorp/aws\"]",
      "instances": [
        {
          "schema_version": 1,
          "attributes": {
            "arn": "arn:aws:ec2:us-east-1:099678655650:key-pair/sangchul4wxyz",
            "fingerprint": "26:98:4e:63:d0:29:38:63:3c:86:8e:09:a4:04:3a:91",
            "id": "sangchul4wxyz",
            "key_name": "sangchul4wxyz",
            "key_name_prefix": null,
            "key_pair_id": "key-00778c29707993cae",
            "public_key": "ssh-rsa AAAAB3NzaC1yc2EAAAADAQABAAACAQDAO09XZnx4NXr6BQ4RzHvnR9zshwCs78bHgZXl5gZQuLZStXaJUffa53qmP9adhX/exnKCQBpR9lwnoqOku4/sM+Hnb1B6AFIrH6APzbt87d9ASGur393T2ZbJeGJQkD8vaaxNLQYQFUxx0XzjwFgMiYlymK/hE47h0OfbUlxYleiaqWQ58unv6UBu8KoIXYezP1jXUNlVS29Qa3Q0QVt6rbSH4F0Tk5h6k6GWs2FuaHCLgeRxgeAYoXrJvtPPTd1bS0Ripw2mwDwHS4/2k1YF+GYcJ+h83nC0xhUCdnbqr3BeG+aug3gu2wbBKIyqU+bvWC6IGcMjZI78Ctez5gRYE88QaobxzeByeMIts/XHcJnSbTyFxtFbRPz80ZKDufbmAoivYy9r4+wBOqJ7V1Nvi3Us2lbvuuLR8gYDS0Weba1RZPQ/+HonH2yOdPSvSmyWHO/U3/c/caphB3qAzQ62/oSPiVmKFcZLn1cscazNKyFmvj7kPtKGm6uV3cb4sbAqD87gxgU8RzMEbMS4aIaEQDtVpNKduHo1oeUsbR/+IaxOEJ0eSpB/AMEfYXFM4wTiJJ3peHFH7j6JDCQptlqN3SnsiwaOs6oCG7lSMgP0FZMVr6wjN11DP7ZpQePCx9sppAlxfkXcgKbDJ71TDR2aFmLGhe8y3hNp3mwXdrIfJQ== 4wxyz",
            "tags": {
              "CreateUser": "terraform@email.com",
              "Env": "stg",
              "Name": "sangchul_4wxyz",
              "Owner": "iac",
              "Role": "keypair",
              "Service": "keypair"
            }
          },
          "sensitive_attributes": [],
          "private": "eyJzY2hlbWFfdmVyc2lvbiI6IjEifQ=="
        }
      ]
    },
    {
      "mode": "managed",
      "type": "aws_route53_record",
      "name": "sangchul_kr_mx",
      "provider": "provider[\"registry.terraform.io/hashicorp/aws\"]",
      "instances": [
        {
          "schema_version": 2,
          "attributes": {
            "alias": [],
            "allow_overwrite": null,
            "failover_routing_policy": [],
            "fqdn": "sangchul.kr",
            "geolocation_routing_policy": [],
            "health_check_id": "",
            "id": "Z0273534UBJPAPC8AHP4_sangchul.kr_MX",
            "latency_routing_policy": [],
            "multivalue_answer_routing_policy": null,
            "name": "sangchul.kr",
            "records": [
              "1 ASPMX.L.GOOGLE.COM.",
              "10 ALT3.ASPMX.L.GOOGLE.COM.",
              "10 ALT4.ASPMX.L.GOOGLE.COM.",
              "5 ALT1.ASPMX.L.GOOGLE.COM.",
              "5 ALT2.ASPMX.L.GOOGLE.COM."
            ],
            "set_identifier": "",
            "ttl": 3600,
            "type": "MX",
            "weighted_routing_policy": [],
            "zone_id": "Z0273534UBJPAPC8AHP4"
          },
          "sensitive_attributes": [],
          "private": "eyJzY2hlbWFfdmVyc2lvbiI6IjIifQ==",
          "dependencies": [
            "aws_route53_zone.sangchulkr_zone"
          ]
        }
      ]
    },
    {
      "mode": "managed",
      "type": "aws_route53_record",
      "name": "www_sangchul_kr_cname",
      "provider": "provider[\"registry.terraform.io/hashicorp/aws\"]",
      "instances": [
        {
          "schema_version": 2,
          "attributes": {
            "alias": [],
            "allow_overwrite": null,
            "failover_routing_policy": [],
            "fqdn": "www.sangchul.kr",
            "geolocation_routing_policy": [],
            "health_check_id": "",
            "id": "Z0273534UBJPAPC8AHP4_www.sangchul.kr_CNAME",
            "latency_routing_policy": [],
            "multivalue_answer_routing_policy": null,
            "name": "www.sangchul.kr",
            "records": [
              "sangchul.kr"
            ],
            "set_identifier": "",
            "ttl": 300,
            "type": "CNAME",
            "weighted_routing_policy": [],
            "zone_id": "Z0273534UBJPAPC8AHP4"
          },
          "sensitive_attributes": [],
          "private": "eyJzY2hlbWFfdmVyc2lvbiI6IjIifQ==",
          "dependencies": [
            "aws_route53_zone.sangchulkr_zone"
          ]
        }
      ]
    },
    {
      "mode": "managed",
      "type": "aws_route53_zone",
      "name": "sangchulkr_zone",
      "provider": "provider[\"registry.terraform.io/hashicorp/aws\"]",
      "instances": [
        {
          "schema_version": 0,
          "attributes": {
            "comment": "Hosted Zone for sangchul_kr",
            "delegation_set_id": "",
            "force_destroy": false,
            "id": "Z0273534UBJPAPC8AHP4",
            "name": "sangchul.kr",
            "name_servers": [
              "ns-1303.awsdns-34.org",
              "ns-1737.awsdns-25.co.uk",
              "ns-327.awsdns-40.com",
              "ns-662.awsdns-18.net"
            ],
            "tags": {},
            "vpc": [],
            "zone_id": "Z0273534UBJPAPC8AHP4"
          },
          "sensitive_attributes": [],
          "private": "bnVsbA=="
        }
      ]
    },
    {
      "mode": "managed",
      "type": "aws_route_table",
      "name": "sangchul_vpc11-rt-pri01",
      "provider": "provider[\"registry.terraform.io/hashicorp/aws\"]",
      "instances": [
        {
          "schema_version": 0,
          "attributes": {
            "id": "rtb-0a79aa06b15019e3e",
            "owner_id": "099678655650",
            "propagating_vgws": [],
            "route": [],
            "tags": {
              "CreateUser": "terraform@email.com",
              "Env": "stg",
              "Name": "sangchul_vpc11-rt-pri01",
              "Owner": "iac",
              "Role": "route",
              "Service": "network"
            },
            "vpc_id": "vpc-0293e2c996bcf0886"
          },
          "sensitive_attributes": [],
          "private": "bnVsbA==",
          "dependencies": [
            "aws_vpc.sangchul_vpc11"
          ]
        }
      ]
    },
    {
      "mode": "managed",
      "type": "aws_route_table_association",
      "name": "sangchul_vpc11-sb13",
      "provider": "provider[\"registry.terraform.io/hashicorp/aws\"]",
      "instances": [
        {
          "schema_version": 0,
          "attributes": {
            "gateway_id": null,
            "id": "rtbassoc-046bb8bed6cd0e3d2",
            "route_table_id": "rtb-0a79aa06b15019e3e",
            "subnet_id": "subnet-0ea2962e84fda84fa"
          },
          "sensitive_attributes": [],
          "private": "bnVsbA==",
          "dependencies": [
            "aws_route_table.sangchul_vpc11-rt-pri01",
            "aws_subnet.sangchul_vpc11-sb13",
            "aws_vpc.sangchul_vpc11"
          ]
        }
      ]
    },
    {
      "mode": "managed",
      "type": "aws_route_table_association",
      "name": "sangchul_vpc11-sb14",
      "provider": "provider[\"registry.terraform.io/hashicorp/aws\"]",
      "instances": [
        {
          "schema_version": 0,
          "attributes": {
            "gateway_id": null,
            "id": "rtbassoc-0e808387310400709",
            "route_table_id": "rtb-0a79aa06b15019e3e",
            "subnet_id": "subnet-0681b24771dad2956"
          },
          "sensitive_attributes": [],
          "private": "bnVsbA==",
          "dependencies": [
            "aws_route_table.sangchul_vpc11-rt-pri01",
            "aws_subnet.sangchul_vpc11-sb14",
            "aws_vpc.sangchul_vpc11"
          ]
        }
      ]
    },
    {
      "mode": "managed",
      "type": "aws_route_table_association",
      "name": "sangchul_vpc11-sb3",
      "provider": "provider[\"registry.terraform.io/hashicorp/aws\"]",
      "instances": [
        {
          "schema_version": 0,
          "attributes": {
            "gateway_id": null,
            "id": "rtbassoc-053e218afc2032fa4",
            "route_table_id": "rtb-0fa87e4a4d317a2e3",
            "subnet_id": "subnet-06709a51cf89ff0bf"
          },
          "sensitive_attributes": [],
          "private": "bnVsbA==",
          "dependencies": [
            "aws_subnet.sangchul_vpc11-sb3",
            "aws_vpc.sangchul_vpc11"
          ]
        }
      ]
    },
    {
      "mode": "managed",
      "type": "aws_route_table_association",
      "name": "sangchul_vpc11-sb4",
      "provider": "provider[\"registry.terraform.io/hashicorp/aws\"]",
      "instances": [
        {
          "schema_version": 0,
          "attributes": {
            "gateway_id": null,
            "id": "rtbassoc-0db275acd0ad64e9e",
            "route_table_id": "rtb-0fa87e4a4d317a2e3",
            "subnet_id": "subnet-053149d01573202c5"
          },
          "sensitive_attributes": [],
          "private": "bnVsbA==",
          "dependencies": [
            "aws_subnet.sangchul_vpc11-sb4",
            "aws_vpc.sangchul_vpc11"
          ]
        }
      ]
    },
    {
      "mode": "managed",
      "type": "aws_security_group",
      "name": "sangchul_vpc11-alb-web1",
      "provider": "provider[\"registry.terraform.io/hashicorp/aws\"]",
      "instances": [
        {
          "schema_version": 1,
          "attributes": {
            "arn": "arn:aws:ec2:us-east-1:099678655650:security-group/sg-0b0acf4e1444c1658",
            "description": "Managed In Terraform",
            "egress": [
              {
                "cidr_blocks": [
                  "0.0.0.0/0"
                ],
                "description": "any open",
                "from_port": 0,
                "ipv6_cidr_blocks": [],
                "prefix_list_ids": [],
                "protocol": "-1",
                "security_groups": [],
                "self": false,
                "to_port": 0
              }
            ],
            "id": "sg-0b0acf4e1444c1658",
            "ingress": [
              {
                "cidr_blocks": [
                  "0.0.0.0/0"
                ],
                "description": "any-443port open",
                "from_port": 443,
                "ipv6_cidr_blocks": [],
                "prefix_list_ids": [],
                "protocol": "tcp",
                "security_groups": [],
                "self": false,
                "to_port": 443
              },
              {
                "cidr_blocks": [
                  "0.0.0.0/0"
                ],
                "description": "any-80port open",
                "from_port": 80,
                "ipv6_cidr_blocks": [],
                "prefix_list_ids": [],
                "protocol": "tcp",
                "security_groups": [],
                "self": false,
                "to_port": 80
              }
            ],
            "name": "sangchul_vpc11-alb-web1",
            "name_prefix": "",
            "owner_id": "099678655650",
            "revoke_rules_on_delete": false,
            "tags": {
              "CreateUser": "terraform@email.com",
              "Env": "stg",
              "Name": "sangchul_vpc11-alb-web1",
              "Owner": "iac",
              "Role": "security_group",
              "Service": "security"
            },
            "timeouts": null,
            "vpc_id": "vpc-0293e2c996bcf0886"
          },
          "sensitive_attributes": [],
          "private": "eyJlMmJmYjczMC1lY2FhLTExZTYtOGY4OC0zNDM2M2JjN2M0YzAiOnsiY3JlYXRlIjo2MDAwMDAwMDAwMDAsImRlbGV0ZSI6NjAwMDAwMDAwMDAwfSwic2NoZW1hX3ZlcnNpb24iOiIxIn0=",
          "dependencies": [
            "aws_vpc.sangchul_vpc11"
          ],
          "create_before_destroy": true
        }
      ]
    },
    {
      "mode": "managed",
      "type": "aws_security_group",
      "name": "sangchul_vpc11-ec2-office1",
      "provider": "provider[\"registry.terraform.io/hashicorp/aws\"]",
      "instances": [
        {
          "schema_version": 1,
          "attributes": {
            "arn": "arn:aws:ec2:us-east-1:099678655650:security-group/sg-028844a9c6103ede2",
            "description": "Managed In Terraform",
            "egress": [
              {
                "cidr_blocks": [
                  "0.0.0.0/0"
                ],
                "description": "any open",
                "from_port": 0,
                "ipv6_cidr_blocks": [],
                "prefix_list_ids": [],
                "protocol": "-1",
                "security_groups": [],
                "self": false,
                "to_port": 0
              }
            ],
            "id": "sg-028844a9c6103ede2",
            "ingress": [
              {
                "cidr_blocks": [
                  "0.0.0.0/0"
                ],
                "description": "any-22port open",
                "from_port": 22,
                "ipv6_cidr_blocks": [],
                "prefix_list_ids": [],
                "protocol": "tcp",
                "security_groups": [],
                "self": false,
                "to_port": 22
              }
            ],
            "name": "sangchul_vpc11-ec2-office1",
            "name_prefix": "",
            "owner_id": "099678655650",
            "revoke_rules_on_delete": false,
            "tags": {
              "CreateUser": "terraform@email.com",
              "Env": "stg",
              "Name": "sangchul_vpc11-ec2-office1",
              "Owner": "iac",
              "Role": "security_group",
              "Service": "security"
            },
            "timeouts": null,
            "vpc_id": "vpc-0293e2c996bcf0886"
          },
          "sensitive_attributes": [],
          "private": "eyJlMmJmYjczMC1lY2FhLTExZTYtOGY4OC0zNDM2M2JjN2M0YzAiOnsiY3JlYXRlIjo2MDAwMDAwMDAwMDAsImRlbGV0ZSI6NjAwMDAwMDAwMDAwfSwic2NoZW1hX3ZlcnNpb24iOiIxIn0=",
          "dependencies": [
            "aws_vpc.sangchul_vpc11"
          ]
        }
      ]
    },
    {
      "mode": "managed",
      "type": "aws_security_group",
      "name": "sangchul_vpc11-ec2-redis1",
      "provider": "provider[\"registry.terraform.io/hashicorp/aws\"]",
      "instances": [
        {
          "schema_version": 1,
          "attributes": {
            "arn": "arn:aws:ec2:us-east-1:099678655650:security-group/sg-0146566e9afc57914",
            "description": "Managed In Terraform",
            "egress": [
              {
                "cidr_blocks": [
                  "0.0.0.0/0"
                ],
                "description": "any open",
                "from_port": 0,
                "ipv6_cidr_blocks": [],
                "prefix_list_ids": [],
                "protocol": "-1",
                "security_groups": [],
                "self": false,
                "to_port": 0
              }
            ],
            "id": "sg-0146566e9afc57914",
            "ingress": [
              {
                "cidr_blocks": [
                  "0.0.0.0/0"
                ],
                "description": "any-6379port open",
                "from_port": 6379,
                "ipv6_cidr_blocks": [],
                "prefix_list_ids": [],
                "protocol": "tcp",
                "security_groups": [],
                "self": false,
                "to_port": 6379
              }
            ],
            "name": "sangchul_vpc11-ec2-redis1",
            "name_prefix": "",
            "owner_id": "099678655650",
            "revoke_rules_on_delete": false,
            "tags": {
              "CreateUser": "terraform@email.com",
              "Env": "stg",
              "Name": "sangchul_vpc11-ec2-redis1",
              "Owner": "iac",
              "Role": "security_group",
              "Service": "security"
            },
            "timeouts": null,
            "vpc_id": "vpc-0293e2c996bcf0886"
          },
          "sensitive_attributes": [],
          "private": "eyJlMmJmYjczMC1lY2FhLTExZTYtOGY4OC0zNDM2M2JjN2M0YzAiOnsiY3JlYXRlIjo2MDAwMDAwMDAwMDAsImRlbGV0ZSI6NjAwMDAwMDAwMDAwfSwic2NoZW1hX3ZlcnNpb24iOiIxIn0=",
          "dependencies": [
            "aws_vpc.sangchul_vpc11"
          ]
        }
      ]
    },
    {
      "mode": "managed",
      "type": "aws_security_group",
      "name": "sangchul_vpc11-ec2-web1",
      "provider": "provider[\"registry.terraform.io/hashicorp/aws\"]",
      "instances": [
        {
          "schema_version": 1,
          "attributes": {
            "arn": "arn:aws:ec2:us-east-1:099678655650:security-group/sg-065276e8e5171e68a",
            "description": "Managed In Terraform",
            "egress": [
              {
                "cidr_blocks": [
                  "0.0.0.0/0"
                ],
                "description": "any open",
                "from_port": 0,
                "ipv6_cidr_blocks": [],
                "prefix_list_ids": [],
                "protocol": "-1",
                "security_groups": [],
                "self": false,
                "to_port": 0
              }
            ],
            "id": "sg-065276e8e5171e68a",
            "ingress": [
              {
                "cidr_blocks": [
                  "0.0.0.0/0"
                ],
                "description": "any-22port open",
                "from_port": 22,
                "ipv6_cidr_blocks": [],
                "prefix_list_ids": [],
                "protocol": "tcp",
                "security_groups": [],
                "self": false,
                "to_port": 22
              }
            ],
            "name": "sangchul_vpc11-ec2-web1",
            "name_prefix": "",
            "owner_id": "099678655650",
            "revoke_rules_on_delete": false,
            "tags": {
              "CreateUser": "terraform@email.com",
              "Env": "stg",
              "Name": "sangchul_vpc11-ec2-web1",
              "Owner": "iac",
              "Role": "security_group",
              "Service": "security"
            },
            "timeouts": null,
            "vpc_id": "vpc-0293e2c996bcf0886"
          },
          "sensitive_attributes": [],
          "private": "eyJlMmJmYjczMC1lY2FhLTExZTYtOGY4OC0zNDM2M2JjN2M0YzAiOnsiY3JlYXRlIjo2MDAwMDAwMDAwMDAsImRlbGV0ZSI6NjAwMDAwMDAwMDAwfSwic2NoZW1hX3ZlcnNpb24iOiIxIn0=",
          "dependencies": [
            "aws_vpc.sangchul_vpc11"
          ]
        }
      ]
    },
    {
      "mode": "managed",
      "type": "aws_subnet",
      "name": "sangchul_vpc11-sb13",
      "provider": "provider[\"registry.terraform.io/hashicorp/aws\"]",
      "instances": [
        {
          "schema_version": 1,
          "attributes": {
            "arn": "arn:aws:ec2:us-east-1:099678655650:subnet/subnet-0ea2962e84fda84fa",
            "assign_ipv6_address_on_creation": false,
            "availability_zone": "us-east-1a",
            "availability_zone_id": "use1-az4",
            "cidr_block": "10.11.13.0/24",
            "id": "subnet-0ea2962e84fda84fa",
            "ipv6_cidr_block": "",
            "ipv6_cidr_block_association_id": "",
            "map_public_ip_on_launch": false,
            "outpost_arn": "",
            "owner_id": "099678655650",
            "tags": {
              "CreateUser": "terraform@email.com",
              "Env": "stg",
              "Name": "sangchul_vpc11-sb13",
              "Owner": "iac",
              "Role": "subnet",
              "Service": "network"
            },
            "timeouts": null,
            "vpc_id": "vpc-0293e2c996bcf0886"
          },
          "sensitive_attributes": [],
          "private": "eyJlMmJmYjczMC1lY2FhLTExZTYtOGY4OC0zNDM2M2JjN2M0YzAiOnsiY3JlYXRlIjo2MDAwMDAwMDAwMDAsImRlbGV0ZSI6MTIwMDAwMDAwMDAwMH0sInNjaGVtYV92ZXJzaW9uIjoiMSJ9",
          "dependencies": [
            "aws_vpc.sangchul_vpc11"
          ]
        }
      ]
    },
    {
      "mode": "managed",
      "type": "aws_subnet",
      "name": "sangchul_vpc11-sb14",
      "provider": "provider[\"registry.terraform.io/hashicorp/aws\"]",
      "instances": [
        {
          "schema_version": 1,
          "attributes": {
            "arn": "arn:aws:ec2:us-east-1:099678655650:subnet/subnet-0681b24771dad2956",
            "assign_ipv6_address_on_creation": false,
            "availability_zone": "us-east-1c",
            "availability_zone_id": "use1-az1",
            "cidr_block": "10.11.14.0/24",
            "id": "subnet-0681b24771dad2956",
            "ipv6_cidr_block": "",
            "ipv6_cidr_block_association_id": "",
            "map_public_ip_on_launch": false,
            "outpost_arn": "",
            "owner_id": "099678655650",
            "tags": {
              "CreateUser": "terraform@email.com",
              "Env": "stg",
              "Name": "sangchul_vpc11-sb14",
              "Owner": "iac",
              "Role": "subnet",
              "Service": "network"
            },
            "timeouts": null,
            "vpc_id": "vpc-0293e2c996bcf0886"
          },
          "sensitive_attributes": [],
          "private": "eyJlMmJmYjczMC1lY2FhLTExZTYtOGY4OC0zNDM2M2JjN2M0YzAiOnsiY3JlYXRlIjo2MDAwMDAwMDAwMDAsImRlbGV0ZSI6MTIwMDAwMDAwMDAwMH0sInNjaGVtYV92ZXJzaW9uIjoiMSJ9",
          "dependencies": [
            "aws_vpc.sangchul_vpc11"
          ]
        }
      ]
    },
    {
      "mode": "managed",
      "type": "aws_subnet",
      "name": "sangchul_vpc11-sb3",
      "provider": "provider[\"registry.terraform.io/hashicorp/aws\"]",
      "instances": [
        {
          "schema_version": 1,
          "attributes": {
            "arn": "arn:aws:ec2:us-east-1:099678655650:subnet/subnet-06709a51cf89ff0bf",
            "assign_ipv6_address_on_creation": false,
            "availability_zone": "us-east-1a",
            "availability_zone_id": "use1-az4",
            "cidr_block": "10.11.3.0/24",
            "id": "subnet-06709a51cf89ff0bf",
            "ipv6_cidr_block": "",
            "ipv6_cidr_block_association_id": "",
            "map_public_ip_on_launch": true,
            "outpost_arn": "",
            "owner_id": "099678655650",
            "tags": {
              "CreateUser": "terraform@email.com",
              "Env": "stg",
              "Name": "sangchul_vpc11-sb3",
              "Owner": "iac",
              "Role": "subnet",
              "Service": "network"
            },
            "timeouts": null,
            "vpc_id": "vpc-0293e2c996bcf0886"
          },
          "sensitive_attributes": [],
          "private": "eyJlMmJmYjczMC1lY2FhLTExZTYtOGY4OC0zNDM2M2JjN2M0YzAiOnsiY3JlYXRlIjo2MDAwMDAwMDAwMDAsImRlbGV0ZSI6MTIwMDAwMDAwMDAwMH0sInNjaGVtYV92ZXJzaW9uIjoiMSJ9",
          "dependencies": [
            "aws_vpc.sangchul_vpc11"
          ],
          "create_before_destroy": true
        }
      ]
    },
    {
      "mode": "managed",
      "type": "aws_subnet",
      "name": "sangchul_vpc11-sb4",
      "provider": "provider[\"registry.terraform.io/hashicorp/aws\"]",
      "instances": [
        {
          "schema_version": 1,
          "attributes": {
            "arn": "arn:aws:ec2:us-east-1:099678655650:subnet/subnet-053149d01573202c5",
            "assign_ipv6_address_on_creation": false,
            "availability_zone": "us-east-1c",
            "availability_zone_id": "use1-az1",
            "cidr_block": "10.11.4.0/24",
            "id": "subnet-053149d01573202c5",
            "ipv6_cidr_block": "",
            "ipv6_cidr_block_association_id": "",
            "map_public_ip_on_launch": true,
            "outpost_arn": "",
            "owner_id": "099678655650",
            "tags": {
              "CreateUser": "terraform@email.com",
              "Env": "stg",
              "Name": "sangchul_vpc11-sb4",
              "Owner": "iac",
              "Role": "subnet",
              "Service": "network"
            },
            "timeouts": null,
            "vpc_id": "vpc-0293e2c996bcf0886"
          },
          "sensitive_attributes": [],
          "private": "eyJlMmJmYjczMC1lY2FhLTExZTYtOGY4OC0zNDM2M2JjN2M0YzAiOnsiY3JlYXRlIjo2MDAwMDAwMDAwMDAsImRlbGV0ZSI6MTIwMDAwMDAwMDAwMH0sInNjaGVtYV92ZXJzaW9uIjoiMSJ9",
          "dependencies": [
            "aws_vpc.sangchul_vpc11"
          ],
          "create_before_destroy": true
        }
      ]
    },
    {
      "mode": "managed",
      "type": "aws_vpc",
      "name": "sangchul_vpc11",
      "provider": "provider[\"registry.terraform.io/hashicorp/aws\"]",
      "instances": [
        {
          "schema_version": 1,
          "attributes": {
            "arn": "arn:aws:ec2:us-east-1:099678655650:vpc/vpc-0293e2c996bcf0886",
            "assign_generated_ipv6_cidr_block": false,
            "cidr_block": "10.11.0.0/16",
            "default_network_acl_id": "acl-0beee0f018f7445a6",
            "default_route_table_id": "rtb-0fa87e4a4d317a2e3",
            "default_security_group_id": "sg-042ea4bcf8ccdf96e",
            "dhcp_options_id": "dopt-c0e5a2ba",
            "enable_classiclink": false,
            "enable_classiclink_dns_support": false,
            "enable_dns_hostnames": true,
            "enable_dns_support": true,
            "id": "vpc-0293e2c996bcf0886",
            "instance_tenancy": "default",
            "ipv6_association_id": "",
            "ipv6_cidr_block": "",
            "main_route_table_id": "rtb-0fa87e4a4d317a2e3",
            "owner_id": "099678655650",
            "tags": {
              "CreateUser": "terraform@email.com",
              "Env": "stg",
              "Name": "sangchul_vpc11",
              "Owner": "iac",
              "Role": "vpc",
              "Service": "network"
            }
          },
          "sensitive_attributes": [],
          "private": "eyJzY2hlbWFfdmVyc2lvbiI6IjEifQ==",
          "create_before_destroy": true
        }
      ]
    }
  ]
}
