{
  "version": 4,
  "terraform_version": "0.14.5",
  "serial": 16,
  "lineage": "56452c10-fd04-5b35-ae93-0c1b060042bf",
  "outputs": {},
  "resources": [
    {
      "mode": "managed",
      "type": "aws_default_route_table",
      "name": "sangchul_vpc11-rt",
      "provider": "provider[\"registry.terraform.io/hashicorp/aws\"]",
      "instances": [
        {
          "schema_version": 0,
          "attributes": {
            "default_route_table_id": "rtb-0b150ff492b97f19a",
            "id": "rtb-0b150ff492b97f19a",
            "owner_id": "099678655650",
            "propagating_vgws": [],
            "route": [
              {
                "cidr_block": "0.0.0.0/0",
                "egress_only_gateway_id": "",
                "gateway_id": "igw-04dd432cd28eadc6c",
                "instance_id": "",
                "ipv6_cidr_block": "",
                "nat_gateway_id": "",
                "network_interface_id": "",
                "transit_gateway_id": "",
                "vpc_endpoint_id": "",
                "vpc_peering_connection_id": ""
              }
            ],
            "tags": {
              "CreateUser": "terraform@email.com",
              "Env": "stg",
              "Name": "sangchul_vpc11-rt",
              "Owner": "iac",
              "Role": "route",
              "Service": "network"
            },
            "vpc_id": "vpc-0aa1c275af127fa8d"
          },
          "sensitive_attributes": [],
          "private": "bnVsbA==",
          "dependencies": [
            "aws_internet_gateway.sangchul_vpc11-igw",
            "aws_vpc.sangchul_vpc11"
          ]
        }
      ]
    },
    {
      "mode": "managed",
      "type": "aws_internet_gateway",
      "name": "sangchul_vpc11-igw",
      "provider": "provider[\"registry.terraform.io/hashicorp/aws\"]",
      "instances": [
        {
          "schema_version": 0,
          "attributes": {
            "arn": "arn:aws:ec2:us-east-1:099678655650:internet-gateway/igw-04dd432cd28eadc6c",
            "id": "igw-04dd432cd28eadc6c",
            "owner_id": "099678655650",
            "tags": {
              "CreateUser": "terraform@email.com",
              "Env": "stg",
              "Name": "sangchul_vpc11-igw",
              "Owner": "iac",
              "Role": "internet_gateway",
              "Service": "network"
            },
            "vpc_id": "vpc-0aa1c275af127fa8d"
          },
          "sensitive_attributes": [],
          "private": "bnVsbA==",
          "dependencies": [
            "aws_vpc.sangchul_vpc11"
          ]
        }
      ]
    },
    {
      "mode": "managed",
      "type": "aws_route_table",
      "name": "sangchul_vpc11-rt-pri01",
      "provider": "provider[\"registry.terraform.io/hashicorp/aws\"]",
      "instances": [
        {
          "schema_version": 0,
          "attributes": {
            "id": "rtb-031fdc31b1834fae6",
            "owner_id": "099678655650",
            "propagating_vgws": [],
            "route": [],
            "tags": {
              "CreateUser": "terraform@email.com",
              "Env": "stg",
              "Name": "sangchul_vpc11-rt-pri01",
              "Owner": "iac",
              "Role": "route",
              "Service": "network"
            },
            "vpc_id": "vpc-0aa1c275af127fa8d"
          },
          "sensitive_attributes": [],
          "private": "bnVsbA==",
          "dependencies": [
            "aws_vpc.sangchul_vpc11"
          ]
        }
      ]
    },
    {
      "mode": "managed",
      "type": "aws_route_table_association",
      "name": "sangchul_vpc11-sb13",
      "provider": "provider[\"registry.terraform.io/hashicorp/aws\"]",
      "instances": [
        {
          "schema_version": 0,
          "attributes": {
            "gateway_id": null,
            "id": "rtbassoc-025fa6b261bc93fdc",
            "route_table_id": "rtb-031fdc31b1834fae6",
            "subnet_id": "subnet-0d9329dc584f82cc5"
          },
          "sensitive_attributes": [],
          "private": "bnVsbA==",
          "dependencies": [
            "aws_route_table.sangchul_vpc11-rt-pri01",
            "aws_subnet.sangchul_vpc11-sb13",
            "aws_vpc.sangchul_vpc11"
          ]
        }
      ]
    },
    {
      "mode": "managed",
      "type": "aws_route_table_association",
      "name": "sangchul_vpc11-sb14",
      "provider": "provider[\"registry.terraform.io/hashicorp/aws\"]",
      "instances": [
        {
          "schema_version": 0,
          "attributes": {
            "gateway_id": null,
            "id": "rtbassoc-0b29bbc52ae2b6003",
            "route_table_id": "rtb-031fdc31b1834fae6",
            "subnet_id": "subnet-0e9a4e2abbc11f567"
          },
          "sensitive_attributes": [],
          "private": "bnVsbA==",
          "dependencies": [
            "aws_route_table.sangchul_vpc11-rt-pri01",
            "aws_subnet.sangchul_vpc11-sb14",
            "aws_vpc.sangchul_vpc11"
          ]
        }
      ]
    },
    {
      "mode": "managed",
      "type": "aws_route_table_association",
      "name": "sangchul_vpc11-sb3",
      "provider": "provider[\"registry.terraform.io/hashicorp/aws\"]",
      "instances": [
        {
          "schema_version": 0,
          "attributes": {
            "gateway_id": null,
            "id": "rtbassoc-0f8a8b255b1e2e51a",
            "route_table_id": "rtb-0b150ff492b97f19a",
            "subnet_id": "subnet-064f584b5abbf1b59"
          },
          "sensitive_attributes": [],
          "private": "bnVsbA==",
          "dependencies": [
            "aws_subnet.sangchul_vpc11-sb3",
            "aws_vpc.sangchul_vpc11"
          ]
        }
      ]
    },
    {
      "mode": "managed",
      "type": "aws_route_table_association",
      "name": "sangchul_vpc11-sb4",
      "provider": "provider[\"registry.terraform.io/hashicorp/aws\"]",
      "instances": [
        {
          "schema_version": 0,
          "attributes": {
            "gateway_id": null,
            "id": "rtbassoc-05d83853575ade259",
            "route_table_id": "rtb-0b150ff492b97f19a",
            "subnet_id": "subnet-0e9f5165422ac619c"
          },
          "sensitive_attributes": [],
          "private": "bnVsbA==",
          "dependencies": [
            "aws_subnet.sangchul_vpc11-sb4",
            "aws_vpc.sangchul_vpc11"
          ]
        }
      ]
    },
    {
      "mode": "managed",
      "type": "aws_subnet",
      "name": "sangchul_vpc11-sb13",
      "provider": "provider[\"registry.terraform.io/hashicorp/aws\"]",
      "instances": [
        {
          "schema_version": 1,
          "attributes": {
            "arn": "arn:aws:ec2:us-east-1:099678655650:subnet/subnet-0d9329dc584f82cc5",
            "assign_ipv6_address_on_creation": false,
            "availability_zone": "us-east-1a",
            "availability_zone_id": "use1-az4",
            "cidr_block": "10.11.13.0/24",
            "id": "subnet-0d9329dc584f82cc5",
            "ipv6_cidr_block": "",
            "ipv6_cidr_block_association_id": "",
            "map_public_ip_on_launch": false,
            "outpost_arn": "",
            "owner_id": "099678655650",
            "tags": {
              "CreateUser": "terraform@email.com",
              "Env": "stg",
              "Name": "sangchul_vpc11-sb13",
              "Owner": "iac",
              "Role": "subnet",
              "Service": "network"
            },
            "timeouts": null,
            "vpc_id": "vpc-0aa1c275af127fa8d"
          },
          "sensitive_attributes": [],
          "private": "eyJlMmJmYjczMC1lY2FhLTExZTYtOGY4OC0zNDM2M2JjN2M0YzAiOnsiY3JlYXRlIjo2MDAwMDAwMDAwMDAsImRlbGV0ZSI6MTIwMDAwMDAwMDAwMH0sInNjaGVtYV92ZXJzaW9uIjoiMSJ9",
          "dependencies": [
            "aws_vpc.sangchul_vpc11"
          ]
        }
      ]
    },
    {
      "mode": "managed",
      "type": "aws_subnet",
      "name": "sangchul_vpc11-sb14",
      "provider": "provider[\"registry.terraform.io/hashicorp/aws\"]",
      "instances": [
        {
          "schema_version": 1,
          "attributes": {
            "arn": "arn:aws:ec2:us-east-1:099678655650:subnet/subnet-0e9a4e2abbc11f567",
            "assign_ipv6_address_on_creation": false,
            "availability_zone": "us-east-1c",
            "availability_zone_id": "use1-az1",
            "cidr_block": "10.11.14.0/24",
            "id": "subnet-0e9a4e2abbc11f567",
            "ipv6_cidr_block": "",
            "ipv6_cidr_block_association_id": "",
            "map_public_ip_on_launch": false,
            "outpost_arn": "",
            "owner_id": "099678655650",
            "tags": {
              "CreateUser": "terraform@email.com",
              "Env": "stg",
              "Name": "sangchul_vpc11-sb14",
              "Owner": "iac",
              "Role": "subnet",
              "Service": "network"
            },
            "timeouts": null,
            "vpc_id": "vpc-0aa1c275af127fa8d"
          },
          "sensitive_attributes": [],
          "private": "eyJlMmJmYjczMC1lY2FhLTExZTYtOGY4OC0zNDM2M2JjN2M0YzAiOnsiY3JlYXRlIjo2MDAwMDAwMDAwMDAsImRlbGV0ZSI6MTIwMDAwMDAwMDAwMH0sInNjaGVtYV92ZXJzaW9uIjoiMSJ9",
          "dependencies": [
            "aws_vpc.sangchul_vpc11"
          ]
        }
      ]
    },
    {
      "mode": "managed",
      "type": "aws_subnet",
      "name": "sangchul_vpc11-sb3",
      "provider": "provider[\"registry.terraform.io/hashicorp/aws\"]",
      "instances": [
        {
          "schema_version": 1,
          "attributes": {
            "arn": "arn:aws:ec2:us-east-1:099678655650:subnet/subnet-064f584b5abbf1b59",
            "assign_ipv6_address_on_creation": false,
            "availability_zone": "us-east-1a",
            "availability_zone_id": "use1-az4",
            "cidr_block": "10.11.3.0/24",
            "id": "subnet-064f584b5abbf1b59",
            "ipv6_cidr_block": "",
            "ipv6_cidr_block_association_id": "",
            "map_public_ip_on_launch": true,
            "outpost_arn": "",
            "owner_id": "099678655650",
            "tags": {
              "CreateUser": "terraform@email.com",
              "Env": "stg",
              "Name": "sangchul_vpc11-sb3",
              "Owner": "iac",
              "Role": "subnet",
              "Service": "network"
            },
            "timeouts": null,
            "vpc_id": "vpc-0aa1c275af127fa8d"
          },
          "sensitive_attributes": [],
          "private": "eyJlMmJmYjczMC1lY2FhLTExZTYtOGY4OC0zNDM2M2JjN2M0YzAiOnsiY3JlYXRlIjo2MDAwMDAwMDAwMDAsImRlbGV0ZSI6MTIwMDAwMDAwMDAwMH0sInNjaGVtYV92ZXJzaW9uIjoiMSJ9",
          "dependencies": [
            "aws_vpc.sangchul_vpc11"
          ]
        }
      ]
    },
    {
      "mode": "managed",
      "type": "aws_subnet",
      "name": "sangchul_vpc11-sb4",
      "provider": "provider[\"registry.terraform.io/hashicorp/aws\"]",
      "instances": [
        {
          "schema_version": 1,
          "attributes": {
            "arn": "arn:aws:ec2:us-east-1:099678655650:subnet/subnet-0e9f5165422ac619c",
            "assign_ipv6_address_on_creation": false,
            "availability_zone": "us-east-1c",
            "availability_zone_id": "use1-az1",
            "cidr_block": "10.11.4.0/24",
            "id": "subnet-0e9f5165422ac619c",
            "ipv6_cidr_block": "",
            "ipv6_cidr_block_association_id": "",
            "map_public_ip_on_launch": true,
            "outpost_arn": "",
            "owner_id": "099678655650",
            "tags": {
              "CreateUser": "terraform@email.com",
              "Env": "stg",
              "Name": "sangchul_vpc11-sb4",
              "Owner": "iac",
              "Role": "subnet",
              "Service": "network"
            },
            "timeouts": null,
            "vpc_id": "vpc-0aa1c275af127fa8d"
          },
          "sensitive_attributes": [],
          "private": "eyJlMmJmYjczMC1lY2FhLTExZTYtOGY4OC0zNDM2M2JjN2M0YzAiOnsiY3JlYXRlIjo2MDAwMDAwMDAwMDAsImRlbGV0ZSI6MTIwMDAwMDAwMDAwMH0sInNjaGVtYV92ZXJzaW9uIjoiMSJ9",
          "dependencies": [
            "aws_vpc.sangchul_vpc11"
          ]
        }
      ]
    },
    {
      "mode": "managed",
      "type": "aws_vpc",
      "name": "sangchul_vpc11",
      "provider": "provider[\"registry.terraform.io/hashicorp/aws\"]",
      "instances": [
        {
          "schema_version": 1,
          "attributes": {
            "arn": "arn:aws:ec2:us-east-1:099678655650:vpc/vpc-0aa1c275af127fa8d",
            "assign_generated_ipv6_cidr_block": false,
            "cidr_block": "10.11.0.0/16",
            "default_network_acl_id": "acl-09c24f2b3fe59c063",
            "default_route_table_id": "rtb-0b150ff492b97f19a",
            "default_security_group_id": "sg-097f0d7b59bb925e5",
            "dhcp_options_id": "dopt-c0e5a2ba",
            "enable_classiclink": false,
            "enable_classiclink_dns_support": false,
            "enable_dns_hostnames": true,
            "enable_dns_support": true,
            "id": "vpc-0aa1c275af127fa8d",
            "instance_tenancy": "default",
            "ipv6_association_id": "",
            "ipv6_cidr_block": "",
            "main_route_table_id": "rtb-0b150ff492b97f19a",
            "owner_id": "099678655650",
            "tags": {
              "CreateUser": "terraform@email.com",
              "Env": "stg",
              "Name": "sangchul_vpc11",
              "Owner": "iac",
              "Role": "vpc",
              "Service": "network"
            }
          },
          "sensitive_attributes": [],
          "private": "eyJzY2hlbWFfdmVyc2lvbiI6IjEifQ=="
        }
      ]
    }
  ]
}
